
Microsoft Visual Studio Solution File, Format Version 12.00
# Visual Studio Version 16
VisualStudioVersion = 16.0.30309.148
MinimumVisualStudioVersion = 10.0.40219.1
Project("{FAE04EC0-301F-11D3-BF4B-00C04F79EFBC}") = "LagTest.PC", "LagTest.PC\LagTest.PC.csproj", "{C250254E-3BE8-4630-9F7C-BA357D865A50}"
EndProject
Project("{8BC9CEB8-8B4A-11D0-8D11-00A0C91BC942}") = "LagTest.Arduino", "LagTest.Arduino\LagTest.Arduino.vcxproj", "{C5F80730-F44F-4478-BDAE-6634EFC2CA88}"
EndProject
Global
	GlobalSection(SolutionConfigurationPlatforms) = preSolution
		Debug|Any CPU = Debug|Any CPU
		Debug|x86 = Debug|x86
		Release|Any CPU = Release|Any CPU
		Release|x86 = Release|x86
	EndGlobalSection
	GlobalSection(ProjectConfigurationPlatforms) = postSolution
		{C250254E-3BE8-4630-9F7C-BA357D865A50}.Debug|Any CPU.ActiveCfg = Debug|Any CPU
		{C250254E-3BE8-4630-9F7C-BA357D865A50}.Debug|Any CPU.Build.0 = Debug|Any CPU
		{C250254E-3BE8-4630-9F7C-BA357D865A50}.Debug|x86.ActiveCfg = Debug|Any CPU
		{C250254E-3BE8-4630-9F7C-BA357D865A50}.Debug|x86.Build.0 = Debug|Any CPU
		{C250254E-3BE8-4630-9F7C-BA357D865A50}.Release|Any CPU.ActiveCfg = Release|Any CPU
		{C250254E-3BE8-4630-9F7C-BA357D865A50}.Release|Any CPU.Build.0 = Release|Any CPU
		{C250254E-3BE8-4630-9F7C-BA357D865A50}.Release|x86.ActiveCfg = Release|Any CPU
		{C250254E-3BE8-4630-9F7C-BA357D865A50}.Release|x86.Build.0 = Release|Any CPU
		{C5F80730-F44F-4478-BDAE-6634EFC2CA88}.Debug|Any CPU.ActiveCfg = Debug|Win32
		{C5F80730-F44F-4478-BDAE-6634EFC2CA88}.Debug|x86.ActiveCfg = Debug|Win32
		{C5F80730-F44F-4478-BDAE-6634EFC2CA88}.Debug|x86.Build.0 = Debug|Win32
		{C5F80730-F44F-4478-BDAE-6634EFC2CA88}.Release|Any CPU.ActiveCfg = Release|Win32
		{C5F80730-F44F-4478-BDAE-6634EFC2CA88}.Release|x86.ActiveCfg = Release|Win32
		{C5F80730-F44F-4478-BDAE-6634EFC2CA88}.Release|x86.Build.0 = Release|Win32
	EndGlobalSection
	GlobalSection(SolutionProperties) = preSolution
		HideSolutionNode = FALSE
	EndGlobalSection
	GlobalSection(ExtensibilityGlobals) = postSolution
		SolutionGuid = {7A0430AD-E471-4AE3-8F60-F5E5D1B936C2}
	EndGlobalSection
EndGlobal
